PODS:
  - Flutter (1.0.0)
  - flutter_testa (0.0.1):
    - Flutter

DEPENDENCIES:
  - Flutter (from `.symlinks/flutter/ios`)
  - flutter_testa (from `.symlinks/plugins/flutter_testa/ios`)

EXTERNAL SOURCES:
  Flutter:
    :path: ".symlinks/flutter/ios"
  flutter_testa:
    :path: ".symlinks/plugins/flutter_testa/ios"

SPEC CHECKSUMS:
  Flutter: 58dd7d1b27887414a370fcccb9e645c08ffd7a6a
  flutter_testa: c99b1661a9ac1620168de64509d129ea09c90fe8

PODFILE CHECKSUM: aff02bfeed411c636180d6812254b2daeea14d09

COCOAPODS: 1.7.5
